
Microsoft Visual Studio Solution File, Format Version 12.00
# Visual Studio Version 17
VisualStudioVersion = 17.6.33815.320
MinimumVisualStudioVersion = 10.0.40219.1
Project("{FAE04EC0-301F-11D3-BF4B-00C04F79EFBC}") = "Deliverable (2)", "Deliverable (2).csproj", "{BDF8009F-261F-4143-BDDF-DD0B53466934}"
EndProject
Global
	GlobalSection(SolutionConfigurationPlatforms) = preSolution
		Debug|Any CPU = Debug|Any CPU
		Release|Any CPU = Release|Any CPU
	EndGlobalSection
	GlobalSection(ProjectConfigurationPlatforms) = postSolution
		{BDF8009F-261F-4143-BDDF-DD0B53466934}.Debug|Any CPU.ActiveCfg = Debug|Any CPU
		{BDF8009F-261F-4143-BDDF-DD0B53466934}.Debug|Any CPU.Build.0 = Debug|Any CPU
		{BDF8009F-261F-4143-BDDF-DD0B53466934}.Release|Any CPU.ActiveCfg = Release|Any CPU
		{BDF8009F-261F-4143-BDDF-DD0B53466934}.Release|Any CPU.Build.0 = Release|Any CPU
	EndGlobalSection
	GlobalSection(SolutionProperties) = preSolution
		HideSolutionNode = FALSE
	EndGlobalSection
	GlobalSection(ExtensibilityGlobals) = postSolution
		SolutionGuid = {5CD0CAD6-3925-4AC4-B28D-383FF4AF17D1}
	EndGlobalSection
EndGlobal
